{
  "version": 2,
  "dependencies": {
    "net10.0": {
      "Autofac.Extensions.DependencyInjection": {
        "type": "Direct",
        "requested": "[11.0.0, )",
        "resolved": "11.0.0",
        "contentHash": "/FSrJyYEsptkV9O3L95dTAoGO6XGSQFDENWHFcHxW0oQIEvW56Mgr01qO53EIEIDDvMFqszBU+uIm9fzGARLPQ==",
        "dependencies": {
          "Autofac": "9.1.0",
          "Microsoft.Extensions.DependencyInjection.Abstractions": "10.0.4"
        }
      },
      "BenchmarkDotNet": {
        "type": "Direct",
        "requested": "[0.14.0, )",
        "resolved": "0.14.0",
        "contentHash": "eIPSDKi3oni734M1rt/XJAwGQQOIf9gLjRRKKJ0HuVy3vYd7gnmAIX1bTjzI9ZbAY/nPddgqqgM/TeBYitMCIg==",
        "dependencies": {
          "BenchmarkDotNet.Annotations": "0.14.0",
          "CommandLineParser": "2.9.1",
          "Gee.External.Capstone": "2.3.0",
          "Iced": "1.17.0",
          "Microsoft.CodeAnalysis.CSharp": "4.1.0",
          "Microsoft.Diagnostics.Runtime": "2.2.332302",
          "Microsoft.Diagnostics.Tracing.TraceEvent": "3.1.8",
          "Microsoft.DotNet.PlatformAbstractions": "3.1.6",
          "Perfolizer": "[0.3.17]",
          "System.Management": "5.0.0"
        }
      },
      "ClosedXML": {
        "type": "Direct",
        "requested": "[0.105.0, )",
        "resolved": "0.105.0",
        "contentHash": "U0hAdnYyPvF7TqHMFloxrS7pmozab79tFFF4c/bgPtqeelUs7ILpUd3r3c7C0a/DXsUZb3k1n4Pf7Q2LMyMQOg==",
        "dependencies": {
          "ClosedXML.Parser": "2.0.0",
          "DocumentFormat.OpenXml": "[3.1.1, 4.0.0)",
          "ExcelNumberFormat": "1.1.0",
          "RBush.Signed": "4.0.0",
          "SixLabors.Fonts": "1.0.0"
        }
      },
      "Microsoft.PowerPlatform.Dataverse.Client": {
        "type": "Direct",
        "requested": "[1.2.10, )",
        "resolved": "1.2.10",
        "contentHash": "xfDmNDWeje1Vc17GHCDfymXe2sL6sz2NlyZfCmz0KOPT8353QLc+FrNt85+lfEx7NIbpYuw1ZzOYOeDFu8doEw==",
        "dependencies": {
          "Microsoft.Extensions.Caching.Memory": "3.1.8",
          "Microsoft.Extensions.DependencyInjection": "3.1.8",
          "Microsoft.Extensions.Http": "3.1.8",
          "Microsoft.Extensions.Logging": "3.1.8",
          "Microsoft.Identity.Client": "4.66.1",
          "Microsoft.Identity.Client.Extensions.Msal": "4.66.1",
          "Newtonsoft.Json": "13.0.1",
          "System.Configuration.ConfigurationManager": "6.0.0",
          "System.Reflection.TypeExtensions": "4.7.0",
          "System.Runtime.Caching": "4.7.0",
          "System.Security.Permissions": "6.0.0",
          "System.ServiceModel.Http": "8.1.2",
          "System.ServiceModel.Primitives": "8.1.2"
        }
      },
      "SonarAnalyzer.CSharp": {
        "type": "Direct",
        "requested": "[10.6.0.109712, )",
        "resolved": "10.6.0.109712",
        "contentHash": "fMwoXhlmFrcIYLpmCZOPXQkKwQD6WoFsmkZp8FZ7RJ9Db+ELUg56qh1X4Vy2nU7ZOWmuAMDOMosYxiQKNLBWtw=="
      },
      "System.ComponentModel.Annotations": {
        "type": "Direct",
        "requested": "[5.0.0, )",
        "resolved": "5.0.0",
        "contentHash": "dMkqfy2el8A8/I76n2Hi1oBFEbG1SfxD2l5nhwXV3XjlnOmwxJlQbYpJH4W51odnU9sARCSAgv7S3CyAFMkpYg=="
      },
      "System.Security.Cryptography.Xml": {
        "type": "Direct",
        "requested": "[10.0.6, )",
        "resolved": "10.0.6",
        "contentHash": "71yFkEElPZKZ9jbZQTe1CWeHYXEtnCXwZnHnfeA8pP47tCXBUoWk+6zSIZ7RXO90nZjXgPNil6BFGWb1OBqA5w==",
        "dependencies": {
          "System.Security.Cryptography.Pkcs": "10.0.6"
        }
      },
      "System.ServiceModel.Http": {
        "type": "Direct",
        "requested": "[10.0.652802, )",
        "resolved": "10.0.652802",
        "contentHash": "G02XZvmccf42QCU5MjviBIg69MSMAVHwL1inVPsNSpfp5g+t5BkQM3DyvWRLN4qmeFDWSF/mA1rIYONIDu/6Dg==",
        "dependencies": {
          "System.ServiceModel.Primitives": "10.0.652802"
        }
      },
      "System.ServiceModel.Primitives": {
        "type": "Direct",
        "requested": "[10.0.652802, )",
        "resolved": "10.0.652802",
        "contentHash": "ULfGNl75BNXkpF42wNV2CDXJ64dUZZEa8xO2mBsc4tqbW9QjruxjEB6bAr4Z/T1rNU+leOztIjCJQYsBGFWYlw==",
        "dependencies": {
          "Microsoft.Extensions.ObjectPool": "10.0.0",
          "System.Security.Cryptography.Xml": "10.0.0"
        }
      },
      "BenchmarkDotNet.Annotations": {
        "type": "Transitive",
        "resolved": "0.14.0",
        "contentHash": "CUDCg6bgHrDzhjnA+IOBl5gAo8Y5hZ2YSs7MBXrYMlMKpBZqrD5ez0537uDveOkcf+YWAoK+S4sMcuWPbIz8bw=="
      },
      "ClosedXML.Parser": {
        "type": "Transitive",
        "resolved": "2.0.0",
        "contentHash": "ngTqjYreDYNytG1W5d3ewHsw0ukmmrgV7EKnS4/40rXoYZGt07jrBvo+N+GxT49rcageUMUiprV0jYT4nwVBHQ=="
      },
      "CommandLineParser": {
        "type": "Transitive",
        "resolved": "2.9.1",
        "contentHash": "OE0sl1/sQ37bjVsPKKtwQlWDgqaxWgtme3xZz7JssWUzg5JpMIyHgCTY9MVMxOg48fJ1AgGT3tgdH5m/kQ5xhA=="
      },
      "DocumentFormat.OpenXml": {
        "type": "Transitive",
        "resolved": "3.1.1",
        "contentHash": "2z9QBzeTLNNKWM9SaOSDMegfQk/7hDuElOsmF77pKZMkFRP/GHA/W/4yOAQD9kn15N/FsFxHn3QVYkatuZghiA==",
        "dependencies": {
          "DocumentFormat.OpenXml.Framework": "3.1.1"
        }
      },
      "DocumentFormat.OpenXml.Framework": {
        "type": "Transitive",
        "resolved": "3.1.1",
        "contentHash": "6APEp/ElZV58S/4v8mf4Ke3ONEDORs64MqdD64Z7wWpcHANB9oovQsGIwtqjnKihulOj7T0a6IxHIHOfMqKOng==",
        "dependencies": {
          "System.IO.Packaging": "8.0.1"
        }
      },
      "ExcelNumberFormat": {
        "type": "Transitive",
        "resolved": "1.1.0",
        "contentHash": "R3BVHPs9O+RkExbZYTGT0+9HLbi8ZrNij1Yziyw6znd3J7P3uoIR07uwTLGOogtz1p6+0sna66eBoXu7tBiVQA=="
      },
      "Gee.External.Capstone": {
        "type": "Transitive",
        "resolved": "2.3.0",
        "contentHash": "2ap/rYmjtzCOT8hxrnEW/QeiOt+paD8iRrIcdKX0cxVwWLFa1e+JDBNeECakmccXrSFeBQuu5AV8SNkipFMMMw=="
      },
      "Iced": {
        "type": "Transitive",
        "resolved": "1.17.0",
        "contentHash": "8x+HCVTl/HHTGpscH3vMBhV8sknN/muZFw9s3TsI8SA6+c43cOTCi2+jE4KsU8pNLbJ++iF2ZFcpcXHXtDglnw=="
      },
      "Microsoft.CodeAnalysis.Analyzers": {
        "type": "Transitive",
        "resolved": "3.3.3",
        "contentHash": "j/rOZtLMVJjrfLRlAMckJLPW/1rze9MT1yfWqSIbUPGRu1m1P0fuo9PmqapwsmePfGB5PJrudQLvmUOAMF0DqQ=="
      },
      "Microsoft.CodeAnalysis.Common": {
        "type": "Transitive",
        "resolved": "4.1.0",
        "contentHash": "bNzTyxP3iD5FPFHfVDl15Y6/wSoI7e3MeV0lOaj9igbIKTjgrmuw6LoVJ06jUNFA7+KaDC/OIsStWl/FQJz6sQ==",
        "dependencies": {
          "Microsoft.CodeAnalysis.Analyzers": "3.3.3"
        }
      },
      "Microsoft.CodeAnalysis.CSharp": {
        "type": "Transitive",
        "resolved": "4.1.0",
        "contentHash": "sbu6kDGzo9bfQxuqWpeEE7I9P30bSuZEnpDz9/qz20OU6pm79Z63+/BsAzO2e/R/Q97kBrpj647wokZnEVr97w==",
        "dependencies": {
          "Microsoft.CodeAnalysis.Common": "[4.1.0]"
        }
      },
      "Microsoft.Diagnostics.NETCore.Client": {
        "type": "Transitive",
        "resolved": "0.2.251802",
        "contentHash": "bqnYl6AdSeboeN4v25hSukK6Odm6/54E3Y2B8rBvgqvAW0mF8fo7XNRVE2DMOG7Rk0fiuA079QIH28+V+W1Zdg==",
        "dependencies": {
          "Microsoft.Bcl.AsyncInterfaces": "1.1.0",
          "Microsoft.Extensions.Logging": "2.1.1"
        }
      },
      "Microsoft.Diagnostics.Runtime": {
        "type": "Transitive",
        "resolved": "2.2.332302",
        "contentHash": "Hp84ivxSKIMTBzYSATxmUsm3YSXHWivcwiRRbsydGmqujMUK8BAueLN0ssAVEOkOBmh0vjUBhrq7YcroT7VCug==",
        "dependencies": {
          "Microsoft.Diagnostics.NETCore.Client": "0.2.251802"
        }
      },
      "Microsoft.Diagnostics.Tracing.TraceEvent": {
        "type": "Transitive",
        "resolved": "3.1.8",
        "contentHash": "kl3UMrZKSeSEYZ8rt/GjLUQToREjgQABqfg6PzQBmSlYHTZOKE9ePEOS2xptROQ9SVvngg3QGX51TIT11iZ0wA=="
      },
      "Microsoft.DotNet.PlatformAbstractions": {
        "type": "Transitive",
        "resolved": "3.1.6",
        "contentHash": "jek4XYaQ/PGUwDKKhwR8K47Uh1189PFzMeLqO83mXrXQVIpARZCcfuDedH50YDTepBkfijCZN5U/vZi++erxtg=="
      },
      "Microsoft.Extensions.Caching.Abstractions": {
        "type": "Transitive",
        "resolved": "3.1.8",
        "contentHash": "iBIdKjKa2nR4LdknV2JMSRpJVM5TOca25EckPm6SZQT6HfH8RoHrn9m14GUAkvzE+uOziXRoAwr8YIC6ZOpyXg==",
        "dependencies": {
          "Microsoft.Extensions.Primitives": "3.1.8"
        }
      },
      "Microsoft.Extensions.Caching.Memory": {
        "type": "Transitive",
        "resolved": "3.1.8",
        "contentHash": "u04q7+tgc8l6pQ5HOcr6scgapkQQHnrhpGoCaaAZd24R36/NxGsGxuhSmhHOrQx9CsBLe2CVBN/4CkLlxtnnXw==",
        "dependencies": {
          "Microsoft.Extensions.Caching.Abstractions": "3.1.8",
          "Microsoft.Extensions.DependencyInjection.Abstractions": "3.1.8",
          "Microsoft.Extensions.Logging.Abstractions": "3.1.8",
          "Microsoft.Extensions.Options": "3.1.8"
        }
      },
      "Microsoft.Extensions.Configuration": {
        "type": "Transitive",
        "resolved": "3.1.8",
        "contentHash": "xWvtu/ra8xDOy62ZXzQj1ElmmH3GpZBSKvw4LbfNXKCy+PaziS5Uh0gQ47D4H4w3u+PJfhNWCCGCp9ORNEzkRw==",
        "dependencies": {
          "Microsoft.Extensions.Configuration.Abstractions": "3.1.8"
        }
      },
      "Microsoft.Extensions.Configuration.Abstractions": {
        "type": "Transitive",
        "resolved": "3.1.8",
        "contentHash": "0qbNyxGpuNP/fuQ3FLHesm1Vn/83qYcAgVsi1UQCQN1peY4YH1uiizOh4xbYkQyxiVMD/c/zhiYYv94G0DXSSA==",
        "dependencies": {
          "Microsoft.Extensions.Primitives": "3.1.8"
        }
      },
      "Microsoft.Extensions.Configuration.Binder": {
        "type": "Transitive",
        "resolved": "3.1.8",
        "contentHash": "l/oqIWRM4YF62mlCOrIKGUOCemsaID/lngK2SZEtpYI8LrktpjPd4QzvENWj5GebbLbqOtsFhF6Ko6dgzmUnBw==",
        "dependencies": {
          "Microsoft.Extensions.Configuration": "3.1.8"
        }
      },
      "Microsoft.Extensions.DependencyInjection.Abstractions": {
        "type": "Transitive",
        "resolved": "10.0.4",
        "contentHash": "SIe9zlVQJecnk/DTmevIcl6+aEDYhoVLc2eG2AKwVeNEC8CSyxHAbh4lf0xtHq9JUum0vVTEByGNTK+b6oihTQ=="
      },
      "Microsoft.Extensions.Http": {
        "type": "Transitive",
        "resolved": "3.1.8",
        "contentHash": "GRkzBs2wJG6jTGqRrT8l/Sqk4MiO0yQltiekDNw/X7L2l5/gKSud/6Vcjb9b5SPtgn6lxcn8qCmfDtk2kP/cOw==",
        "dependencies": {
          "Microsoft.Extensions.DependencyInjection.Abstractions": "3.1.8",
          "Microsoft.Extensions.Logging": "3.1.8",
          "Microsoft.Extensions.Options": "3.1.8"
        }
      },
      "Microsoft.Extensions.Logging.Abstractions": {
        "type": "Transitive",
        "resolved": "3.1.8",
        "contentHash": "LxQPR/KE4P9nx304VcFipWPcW8ZOZOGHuiYlG0ncAQJItogDzR9nyYUNvziLObx2MfX2Z9iCTdAqEtoImaQOYg=="
      },
      "Microsoft.Extensions.ObjectPool": {
        "type": "Transitive",
        "resolved": "10.0.0",
        "contentHash": "bpeCq0IYmVLACyEUMzFIOQX+zZUElG1t+nu1lSxthe7B+1oNYking7b91305+jNB6iwojp9fqTY9O+Nh7ULQxg=="
      },
      "Microsoft.Extensions.Options": {
        "type": "Transitive",
        "resolved": "3.1.8",
        "contentHash": "mpkwjNg5sr1XHEJwVS8G1w6dsh5/72vQOOe4aqhg012j93m8OOmfyIBwoQN4SE0KRRS+fatdW3qqUrHbRwlWOA==",
        "dependencies": {
          "Microsoft.Extensions.DependencyInjection.Abstractions": "3.1.8",
          "Microsoft.Extensions.Primitives": "3.1.8"
        }
      },
      "Microsoft.Extensions.Primitives": {
        "type": "Transitive",
        "resolved": "3.1.8",
        "contentHash": "XcIoXQhT0kwnEhOKv/LmpWR6yF6QWmBTy9Fcsz4aHuCOgTJ7Zd23ELtUA4BfwlYoFlSedavS+vURz9tNekd44g=="
      },
      "Microsoft.Identity.Client.Extensions.Msal": {
        "type": "Transitive",
        "resolved": "4.66.1",
        "contentHash": "osgt1J9Rve3LO7wXqpWoFx9UFjl0oeqoUMK/xEru7dvafQ28RgV1A17CoCGCCRSUbgDQ4Arg5FgGK2lQ3lXR4A==",
        "dependencies": {
          "Microsoft.Identity.Client": "4.66.1",
          "System.Security.Cryptography.ProtectedData": "4.5.0"
        }
      },
      "Microsoft.IdentityModel.Abstractions": {
        "type": "Transitive",
        "resolved": "6.35.0",
        "contentHash": "xuR8E4Rd96M41CnUSCiOJ2DBh+z+zQSmyrYHdYhD6K4fXBcQGVnRCFQ0efROUYpP+p0zC1BLKr0JRpVuujTZSg=="
      },
      "Microsoft.NETCore.Platforms": {
        "type": "Transitive",
        "resolved": "5.0.0",
        "contentHash": "VyPlqzH2wavqquTcYpkIIAQ6WdenuKoFN0BdYBbCWsclXacSOHNQn66Gt4z5NBqEYW0FAPm5rlvki9ZiCij5xQ=="
      },
      "Microsoft.Win32.SystemEvents": {
        "type": "Transitive",
        "resolved": "6.0.0",
        "contentHash": "hqTM5628jSsQiv+HGpiq3WKBl2c8v1KZfby2J6Pr7pEPlK9waPdgEO6b8A/+/xn/yZ9ulv8HuqK71ONy2tg67A=="
      },
      "Newtonsoft.Json": {
        "type": "Transitive",
        "resolved": "13.0.3",
        "contentHash": "HrC5BXdl00IP9zeV+0Z848QWPAoCr9P3bDEZguI+gkLcBKAOxix/tLEAAHC+UvDNPv4a2d18lOReHMOagPa+zQ=="
      },
      "NuGet.Common": {
        "type": "Transitive",
        "resolved": "7.3.1",
        "contentHash": "1mp7zmyAGmQfT93ELC4c+MYOrJ8Ff4ekFZRek4JSVLb/wOO/o0bsPfLmqujCsJ2Hlwc+fpq1TQEnjSEgWdt8ng==",
        "dependencies": {
          "NuGet.Frameworks": "7.3.1"
        }
      },
      "NuGet.Configuration": {
        "type": "Transitive",
        "resolved": "7.3.1",
        "contentHash": "tGxWBo47EQONOaqY+MbEWMrNjFthHgfavLM1HE0RcLyOXVCoQKBlZGV7v0hrS/rJrQKw6ZaBeHetX+ZJgS7Lxg==",
        "dependencies": {
          "NuGet.Common": "7.3.1",
          "System.Security.Cryptography.ProtectedData": "8.0.0"
        }
      },
      "NuGet.Frameworks": {
        "type": "Transitive",
        "resolved": "7.3.1",
        "contentHash": "VUPAE5l/Ir4Gb3dv+v0jq0Qe4nfwxfrfiYN7QhwlGyWPXFKYXSSke1t1bV/ZYd6idtTtRDqJPM49Lt/U8NTocg=="
      },
      "NuGet.Packaging": {
        "type": "Transitive",
        "resolved": "7.3.1",
        "contentHash": "5bT8uOrNBx4Srhbrd3HonYmyKhWJkvQyTWTYE2jvfPgYx2aCbPmq8MCYko7ce78hEN9mpq2xlrztVhguYPc+GQ==",
        "dependencies": {
          "Newtonsoft.Json": "13.0.3",
          "NuGet.Configuration": "7.3.1",
          "NuGet.Versioning": "7.3.1",
          "System.Security.Cryptography.Pkcs": "8.0.1"
        }
      },
      "NuGet.Versioning": {
        "type": "Transitive",
        "resolved": "7.3.1",
        "contentHash": "TJrQWSmD1vakfav7qIhDXgDFfaZFfMJ+v6P8tcND9ZqXajD5B/ZzaoGYNzL4D3eDue6vAOUvwzu42G+19JNVUA=="
      },
      "Perfolizer": {
        "type": "Transitive",
        "resolved": "0.3.17",
        "contentHash": "FQgtCoF2HFwvzKWulAwBS5BGLlh8pgbrJtOp47jyBwh2CW16juVtacN1azOA2BqdrJXkXTNLNRMo7ZlHHiuAnA=="
      },
      "RBush.Signed": {
        "type": "Transitive",
        "resolved": "4.0.0",
        "contentHash": "aP5KQxL5RnFNGW1f0euYVBfCatkLw5iEzMRJcXKq8LWWP4Cp3+qoSq1tDDL2vvJ2rM0ychmVMa2VaEKLS6uX4w=="
      },
      "SixLabors.Fonts": {
        "type": "Transitive",
        "resolved": "1.0.0",
        "contentHash": "LFQsCZlV0xlUyXAOMUo5kkSl+8zAQXXbbdwWchtk0B4o7zotZhQsQOcJUELGHdfPfm/xDAsz6hONAuV25bJaAg=="
      },
      "Spectre.Console.Ansi": {
        "type": "Transitive",
        "resolved": "0.55.2",
        "contentHash": "tN3KEJQQZwLW9HJnG5YTSAxfBwxsmg1wVuGvhGG2rM+pbl+NGaHU8pDcNofPlOXlgpkbpBMxI5t9o9qPfy3sHQ=="
      },
      "System.CodeDom": {
        "type": "Transitive",
        "resolved": "5.0.0",
        "contentHash": "JPJArwA1kdj8qDAkY2XGjSWoYnqiM7q/3yRNkt6n28Mnn95MuEGkZXUbPBf7qc3IjwrGY5ttQon7yqHZyQJmOQ=="
      },
      "System.Configuration.ConfigurationManager": {
        "type": "Transitive",
        "resolved": "6.0.0",
        "contentHash": "7T+m0kDSlIPTHIkPMIu6m6tV6qsMqJpvQWW2jIc2qi7sn40qxFo0q+7mEQAhMPXZHMKnWrnv47ntGlM/ejvw3g==",
        "dependencies": {
          "System.Security.Cryptography.ProtectedData": "6.0.0",
          "System.Security.Permissions": "6.0.0"
        }
      },
      "System.Drawing.Common": {
        "type": "Transitive",
        "resolved": "6.0.0",
        "contentHash": "NfuoKUiP2nUWwKZN6twGqXioIe1zVD0RIj2t976A+czLHr2nY454RwwXs6JU9Htc6mwqL6Dn/nEL3dpVf2jOhg==",
        "dependencies": {
          "Microsoft.Win32.SystemEvents": "6.0.0"
        }
      },
      "System.Management": {
        "type": "Transitive",
        "resolved": "5.0.0",
        "contentHash": "MF1CHaRcC+MLFdnDthv4/bKWBZnlnSpkGqa87pKukQefgEdwtb9zFW6zs0GjPp73qtpYYg4q6PEKbzJbxCpKfw==",
        "dependencies": {
          "Microsoft.NETCore.Platforms": "5.0.0",
          "System.CodeDom": "5.0.0"
        }
      },
      "System.Reflection.TypeExtensions": {
        "type": "Transitive",
        "resolved": "4.7.0",
        "contentHash": "VybpaOQQhqE6siHppMktjfGBw1GCwvCqiufqmP8F1nj7fTUNtW35LOEt3UZTEsECfo+ELAl/9o9nJx3U91i7vA=="
      },
      "System.Runtime.Caching": {
        "type": "Transitive",
        "resolved": "4.7.0",
        "contentHash": "NdvNRjTPxYvIEhXQszT9L9vJhdQoX6AQ0AlhjTU+5NqFQVuacJTfhPVAvtGWNA2OJCqRiR/okBcZgMwI6MqcZg==",
        "dependencies": {
          "System.Configuration.ConfigurationManager": "4.7.0"
        }
      },
      "System.Security.Cryptography.Pkcs": {
        "type": "Transitive",
        "resolved": "10.0.6",
        "contentHash": "88tquaGJ1htm4DHWS6x9jwER7sFET2SVRN7HqO1FYZwE0diDcUmz0ajhVa8ZD2HGhDJBueSPjP/gqyP3gXtT2A=="
      },
      "System.Security.Cryptography.ProtectedData": {
        "type": "Transitive",
        "resolved": "8.0.0",
        "contentHash": "+TUFINV2q2ifyXauQXRwy4CiBhqvDEDZeVJU7qfxya4aRYOKzVBpN+4acx25VcPB9ywUN6C0n8drWl110PhZEg=="
      },
      "System.Security.Permissions": {
        "type": "Transitive",
        "resolved": "6.0.0",
        "contentHash": "T/uuc7AklkDoxmcJ7LGkyX1CcSviZuLCa4jg3PekfJ7SU0niF0IVTXwUiNVP9DSpzou2PpxJ+eNY2IfDM90ZCg==",
        "dependencies": {
          "System.Windows.Extensions": "6.0.0"
        }
      },
      "System.Windows.Extensions": {
        "type": "Transitive",
        "resolved": "6.0.0",
        "contentHash": "IXoJOXIqc39AIe+CIR7koBtRGMiCt/LPM3lI+PELtDIy9XdyeSrwXFdWV9dzJ2Awl0paLWUaknLxFQ5HpHZUog==",
        "dependencies": {
          "System.Drawing.Common": "6.0.0"
        }
      },
      "greg.xrm.command.core": {
        "type": "Project",
        "dependencies": {
          "Autofac.Extensions.DependencyInjection": "[11.0.0, )",
          "ClosedXML": "[0.105.0, )",
          "CsvHelper": "[33.1.0, )",
          "Greg.Xrm.Command.Interfaces": "[1.1.1, )",
          "McMaster.NETCore.Plugins": "[2.0.0, )",
          "Microsoft.Identity.Client": "[4.66.1, )",
          "Microsoft.PowerPlatform.Dataverse.Client": "[1.2.10, )",
          "NuGet.Protocol": "[7.3.1, )",
          "Octokit": "[14.0.0, )",
          "Pluralize.NET": "[1.0.2, )",
          "Spectre.Console": "[0.55.2, )",
          "System.ComponentModel.Annotations": "[5.0.0, )",
          "System.IO.Packaging": "[10.0.6, )",
          "System.Reflection.MetadataLoadContext": "[10.0.6, )",
          "System.Security.Cryptography.Xml": "[10.0.6, )",
          "System.ServiceModel.Http": "[10.0.652802, )",
          "System.ServiceModel.Primitives": "[10.0.652802, )"
        }
      },
      "greg.xrm.command.interfaces": {
        "type": "Project",
        "dependencies": {
          "Autofac.Extensions.DependencyInjection": "[11.0.0, )",
          "ClosedXML": "[0.105.0, )",
          "Microsoft.PowerPlatform.Dataverse.Client": "[1.2.10, )",
          "System.ComponentModel.Annotations": "[5.0.0, )",
          "System.Security.Cryptography.Xml": "[10.0.6, )",
          "System.ServiceModel.Http": "[10.0.652802, )",
          "System.ServiceModel.Primitives": "[10.0.652802, )"
        }
      },
      "Autofac": {
        "type": "CentralTransitive",
        "requested": "[9.1.0, )",
        "resolved": "9.1.0",
        "contentHash": "onT/BcnnfWcQNXiuC7R/0h8ALQzRdsAI20gpB7nfrudXpFMXdVZKz1umdtHXDwjc/bmWEsrCBAxck3+Arnk15g=="
      },
      "CsvHelper": {
        "type": "CentralTransitive",
        "requested": "[33.1.0, )",
        "resolved": "33.1.0",
        "contentHash": "kqfTOZGrn7NarNeXgjh86JcpTHUoeQDMB8t9NVa/ZtlSYiV1rxfRnQ49WaJsob4AiGrbK0XDzpyKkBwai4F8eg=="
      },
      "McMaster.NETCore.Plugins": {
        "type": "CentralTransitive",
        "requested": "[2.0.0, )",
        "resolved": "2.0.0",
        "contentHash": "pmmrI3qPE53xEJEcg575jQeDNPzMWfNJO8/SASlB9PLPrGVrsyVNFRrvfo+3BzcbQxfUBF1//gTOiJ82dOTlTw=="
      },
      "Microsoft.Bcl.AsyncInterfaces": {
        "type": "CentralTransitive",
        "requested": "[8.0.0, )",
        "resolved": "1.1.0",
        "contentHash": "1Am6l4Vpn3/K32daEqZI+FFr96OlZkgwK2LcT3pZ2zWubR5zTPW3/FkO1Rat9kb7oQOa4rxgl9LJHc5tspCWfg=="
      },
      "Microsoft.Extensions.DependencyInjection": {
        "type": "CentralTransitive",
        "requested": "[10.0.6, )",
        "resolved": "3.1.8",
        "contentHash": "tUpYcVxFqwh8wVD8O+6A8gJnVtl6L4N1Vd9bLJgQSJ0gjBTUQ/eKwJn0LglkkaDU7GAxODDv4eexgZn3QSE0NQ==",
        "dependencies": {
          "Microsoft.Extensions.DependencyInjection.Abstractions": "3.1.8"
        }
      },
      "Microsoft.Extensions.Logging": {
        "type": "CentralTransitive",
        "requested": "[10.0.6, )",
        "resolved": "3.1.8",
        "contentHash": "Bch88WGwrgJUabSOiTbPgne/jkCcWTyP97db8GWzQH9RcGi6TThiRm8ggsD+OXBW2UBwAYx1Zb1ns1elsMiomQ==",
        "dependencies": {
          "Microsoft.Extensions.Configuration.Binder": "3.1.8",
          "Microsoft.Extensions.DependencyInjection": "3.1.8",
          "Microsoft.Extensions.Logging.Abstractions": "3.1.8",
          "Microsoft.Extensions.Options": "3.1.8"
        }
      },
      "Microsoft.Identity.Client": {
        "type": "CentralTransitive",
        "requested": "[4.66.1, )",
        "resolved": "4.66.1",
        "contentHash": "mE+m3pZ7zSKocSubKXxwZcUrCzLflC86IdLxrVjS8tialy0b1L+aECBqRBC/ykcPlB4y7skg49TaTiA+O2UfDw==",
        "dependencies": {
          "Microsoft.IdentityModel.Abstractions": "6.35.0"
        }
      },
      "NuGet.Protocol": {
        "type": "CentralTransitive",
        "requested": "[7.3.1, )",
        "resolved": "7.3.1",
        "contentHash": "vYd5vtCJ/tpMQjbAs6rrftNgeh5Ip1w7tnEsDZCpGObKgUgOxHQBekCul3TnzmbNgobvJEkDJNaec5/ZBv66Hg==",
        "dependencies": {
          "NuGet.Packaging": "7.3.1"
        }
      },
      "Octokit": {
        "type": "CentralTransitive",
        "requested": "[14.0.0, )",
        "resolved": "14.0.0",
        "contentHash": "jGOuTH1l+TCpJH+fwYOp7USzHDuGfN1jKbLz3J2COwyn+wL08eynvpnM6rY2qkzIEXum3PN2p2QkP3BW/p9Qcw=="
      },
      "Pluralize.NET": {
        "type": "CentralTransitive",
        "requested": "[1.0.2, )",
        "resolved": "1.0.2",
        "contentHash": "kr/sOAem5NPH7Ft0tNiaQOO7f/W7ExcLRERpgvg5BlVZimQ/d/MCxhnwnk+WL4dy5Bj/KjToHUl1azYYDfqzpA=="
      },
      "Spectre.Console": {
        "type": "CentralTransitive",
        "requested": "[0.55.2, )",
        "resolved": "0.55.2",
        "contentHash": "yc0g12YJpmZHofGJLTQX02/uqfzJ6XHRx6pe9rANNjleQptXMHPxD9KI2/DWkXiJWddc+4oizEdGox15c89hhw==",
        "dependencies": {
          "Spectre.Console.Ansi": "0.55.2"
        }
      },
      "System.IO.Packaging": {
        "type": "CentralTransitive",
        "requested": "[10.0.6, )",
        "resolved": "10.0.6",
        "contentHash": "XMxFkSptKNwrBwK+XwHgIIlfV7rw2xjnEezJ2lQRMBZOArolP7fV+aqnLFrLrA26T7nlRGNvqyvirwD/jprgvg=="
      },
      "System.Reflection.MetadataLoadContext": {
        "type": "CentralTransitive",
        "requested": "[10.0.6, )",
        "resolved": "10.0.6",
        "contentHash": "cdNpGp5eYZYYUC9s7zZ3srBq2EyTRFDfWrgwWH/pn38d4AazOC4xr8SCn5Dak7lEXGj4k5ktTn1QxUT0kHFX7A=="
      }
    }
  }
}